{
  "version": "4",
  "specifiers": {
    "jsr:@std/archive@~0.225.4": "0.225.4",
    "jsr:@std/bytes@^1.0.2": "1.0.4",
    "jsr:@std/cli@^1.0.10": "1.0.10",
    "jsr:@std/dotenv@~0.225.3": "0.225.3",
    "jsr:@std/fs@^1.0.9": "1.0.9",
    "jsr:@std/io@0.225": "0.225.0",
    "jsr:@std/io@~0.224.9": "0.224.9",
    "jsr:@std/path@^1.0.8": "1.0.8",
    "jsr:@std/streams@^1.0.8": "1.0.8",
    "jsr:@std/tar@~0.1.4": "0.1.4",
    "npm:aws4fetch@^1.0.20": "1.0.20"
  },
  "jsr": {
    "@std/archive@0.225.4": {
      "integrity": "59fe5d1834cbb6a2a7913b102d41c11d51475328d5b843bea75b94a40b44a115",
      "dependencies": [
        "jsr:@std/io@~0.224.9"
      ]
    },
    "@std/bytes@1.0.4": {
      "integrity": "11a0debe522707c95c7b7ef89b478c13fb1583a7cfb9a85674cd2cc2e3a28abc"
    },
    "@std/cli@1.0.10": {
      "integrity": "d047f6f4954a5c2827fe0963765ddd3d8b6cc7b7518682842645b95f571539dc"
    },
    "@std/dotenv@0.225.3": {
      "integrity": "a95e5b812c27b0854c52acbae215856d9cce9d4bbf774d938c51d212711e8d4a"
    },
    "@std/fs@1.0.9": {
      "integrity": "3eef7e3ed3d317b29432c7dcb3b20122820dbc574263f721cb0248ad91bad890",
      "dependencies": [
        "jsr:@std/path"
      ]
    },
    "@std/io@0.224.9": {
      "integrity": "4414664b6926f665102e73c969cfda06d2c4c59bd5d0c603fd4f1b1c840d6ee3",
      "dependencies": [
        "jsr:@std/bytes"
      ]
    },
    "@std/io@0.225.0": {
      "integrity": "c1db7c5e5a231629b32d64b9a53139445b2ca640d828c26bf23e1c55f8c079b3",
      "dependencies": [
        "jsr:@std/bytes"
      ]
    },
    "@std/path@1.0.8": {
      "integrity": "548fa456bb6a04d3c1a1e7477986b6cffbce95102d0bb447c67c4ee70e0364be"
    },
    "@std/streams@1.0.8": {
      "integrity": "b41332d93d2cf6a82fe4ac2153b930adf1a859392931e2a19d9fabfb6f154fb3"
    },
    "@std/tar@0.1.4": {
      "integrity": "1bc1f1f9bfd557e849b31d6521348fdf5848886d87c851f1f0f992d002fe0ff5",
      "dependencies": [
        "jsr:@std/streams"
      ]
    }
  },
  "npm": {
    "aws4fetch@1.0.20": {
      "integrity": "sha512-/djoAN709iY65ETD6LKCtyyEI04XIBP5xVvfmNxsEP0uJB5tyaGBztSryRr4HqMStr9R06PisQE7m9zDTXKu6g=="
    }
  },
  "workspace": {
    "dependencies": [
      "jsr:@std/archive@~0.225.4",
      "jsr:@std/cli@^1.0.10",
      "jsr:@std/dotenv@~0.225.3",
      "jsr:@std/fs@^1.0.9",
      "jsr:@std/io@0.225",
      "jsr:@std/tar@~0.1.4",
      "npm:aws4fetch@^1.0.20"
    ]
  }
}
